---
lockfileVersion: 1
lockfileVendor: redhat
arches:
  - arch: x86_64
    packages:
      - url: https://mirror.stream.centos.org/9-stream/AppStream/x86_64/os/Packages/gpm-libs-1.20.7-29.el9.x86_64.rpm
        repoid: appstream
        size: 21865
        checksum: sha256:d669a8aaabc03d8a44330f0d8115f87fbedc9396b554c592d66a0bd718a8e4cd
        name: gpm-libs
        evr: 1.20.7-29.el9
        sourcerpm: gpm-1.20.7-29.el9.src.rpm
      - url: https://mirror.stream.centos.org/9-stream/AppStream/x86_64/os/Packages/vim-common-8.2.2637-41.el9.x86_64.rpm
        repoid: appstream
        size: 7347044
        checksum: sha256:6abac2c20f191e8543714faf889f23ef36a494885c1050667832164c3736d770
        name: vim-common
        evr: 2:8.2.2637-41.el9
        sourcerpm: vim-8.2.2637-41.el9.src.rpm
      - url: https://mirror.stream.centos.org/9-stream/AppStream/x86_64/os/Packages/vim-enhanced-8.2.2637-41.el9.x86_64.rpm
        repoid: appstream
        size: 1833950
        checksum: sha256:7e019939627ff010058780fa396e84a644082323061a0a38dd246df30aa91bf3
        name: vim-enhanced
        evr: 2:8.2.2637-41.el9
        sourcerpm: vim-8.2.2637-41.el9.src.rpm
      - url: https://mirror.stream.centos.org/9-stream/BaseOS/x86_64/os/Packages/vim-filesystem-8.2.2637-41.el9.noarch.rpm
        repoid: baseos
        size: 16239
        checksum: sha256:87e89ef4be6520e24dd30e68420d3037add5ac286989555fa3063f448d1e9ac0
        name: vim-filesystem
        evr: 2:8.2.2637-41.el9
        sourcerpm: vim-8.2.2637-41.el9.src.rpm
      - url: https://mirror.stream.centos.org/9-stream/BaseOS/x86_64/os/Packages/which-2.21-30.el9.x86_64.rpm
        repoid: baseos
        size: 41976
        checksum: sha256:d602350243d5950c473624788e78e783461e5db242cc0a2d7a988e1b9a3e079b
        name: which
        evr: 2.21-30.el9
        sourcerpm: which-2.21-30.el9.src.rpm
    source: []
    module_metadata: []
