version = 1
revision = 3
requires-python = ">=3.12"

[[package]]
name = "hello"
version = "0.1.0"
source = { url = "https://github.com/Harsh-2005d/hello-rust-ext/archive/refs/tags/v0.1.0.zip" }
sdist = { hash = "sha256:7d20a86f43cfdc7f71f679d9ff135fb0bfcb954d98ed61e00190a800a096a903" }

[[package]]
name = "integration-tests"
version = "0.1.0"
source = { virtual = "." }
dependencies = [
    { name = "hello" },
]

[package.metadata]
requires-dist = [{ name = "hello", url = "https://github.com/Harsh-2005d/hello-rust-ext/archive/refs/tags/v0.1.0.zip" }]
