---
lockfileVersion: 1
lockfileVendor: redhat
arches:
- arch: x86_64
  packages:
  - url: https://cdn-ubi.redhat.com/content/public/ubi/dist/ubi10/10/x86_64/appstream/os/Packages/v/vim-common-9.1.083-9.el10_2.20.x86_64.rpm
    repoid: ubi-10-appstream-rpms
    size: 8110764
    checksum: sha256:bce95672f61dc01c6b7a1f310a67d2df6bb5be64aab9c2cc188f4a307add9354
    name: vim-common
    evr: 2:9.1.083-9.el10_2.20
    sourcerpm: vim-9.1.083-9.el10_2.20.src.rpm
  - url: https://cdn-ubi.redhat.com/content/public/ubi/dist/ubi10/10/x86_64/appstream/os/Packages/v/vim-enhanced-9.1.083-9.el10_2.20.x86_64.rpm
    repoid: ubi-10-appstream-rpms
    size: 1968677
    checksum: sha256:0c3423900b856dafd52df9ebd244c9cd3a7341682502f05d6c27b8178f5a4b24
    name: vim-enhanced
    evr: 2:9.1.083-9.el10_2.20
    sourcerpm: vim-9.1.083-9.el10_2.20.src.rpm
  - url: https://cdn-ubi.redhat.com/content/public/ubi/dist/ubi10/10/x86_64/appstream/os/Packages/x/xxd-9.1.083-9.el10_2.20.x86_64.rpm
    repoid: ubi-10-appstream-rpms
    size: 39883
    checksum: sha256:f6d198235e16678b3509218a2c93cf068299d748bd6d1a8aee1e54e9eef1dd82
    name: xxd
    evr: 2:9.1.083-9.el10_2.20
    sourcerpm: vim-9.1.083-9.el10_2.20.src.rpm
  - url: https://cdn-ubi.redhat.com/content/public/ubi/dist/ubi10/10/x86_64/baseos/os/Packages/v/vim-data-9.1.083-9.el10_2.20.noarch.rpm
    repoid: ubi-10-baseos-rpms
    size: 25961
    checksum: sha256:f2a108350bf34c74cb7c7aa454c7a0d007b005302b437eefc455ad5215799b1e
    name: vim-data
    evr: 2:9.1.083-9.el10_2.20
    sourcerpm: vim-9.1.083-9.el10_2.20.src.rpm
  - url: https://cdn-ubi.redhat.com/content/public/ubi/dist/ubi10/10/x86_64/baseos/os/Packages/v/vim-filesystem-9.1.083-9.el10_2.20.noarch.rpm
    repoid: ubi-10-baseos-rpms
    size: 25112
    checksum: sha256:ee748848a45733ffc7b402cb38c42f5cf550c56acee34e744921820f2f0ca0cc
    name: vim-filesystem
    evr: 2:9.1.083-9.el10_2.20
    sourcerpm: vim-9.1.083-9.el10_2.20.src.rpm
  - url: https://cdn-ubi.redhat.com/content/public/ubi/dist/ubi10/10/x86_64/baseos/os/Packages/v/vim-minimal-9.1.083-9.el10_2.20.x86_64.rpm
    repoid: ubi-10-baseos-rpms
    size: 826656
    checksum: sha256:af62e84bf8fd6b79f84dc4b19573b3866f04924bfd80112ebac9b17bca793750
    name: vim-minimal
    evr: 2:9.1.083-9.el10_2.20
    sourcerpm: vim-9.1.083-9.el10_2.20.src.rpm
  source: []
  module_metadata: []
