---
lockfileVersion: 1
lockfileVendor: redhat
arches:
- arch: x86_64
  packages:
  - url: https://cdn-ubi.redhat.com/content/public/ubi/dist/ubi10/10/x86_64/appstream/os/Packages/a/apr-1.7.5-3.el10.x86_64.rpm
    repoid: ubi-10-appstream-rpms
    size: 130333
    checksum: sha256:fa3e93365206a18e39fcb76787f4027a7537f7d3a2e4eb28346082a46c3ac57c
    name: apr
    evr: 1.7.5-3.el10
    sourcerpm: apr-1.7.5-3.el10.src.rpm
  - url: https://cdn-ubi.redhat.com/content/public/ubi/dist/ubi10/10/x86_64/appstream/os/Packages/a/apr-util-1.6.3-23.el10_2.1.x86_64.rpm
    repoid: ubi-10-appstream-rpms
    size: 106336
    checksum: sha256:e715db5124ac3f11602a70371445f1b64cf625abacce80457f07b9807761b17c
    name: apr-util
    evr: 1.6.3-23.el10_2.1
    sourcerpm: apr-util-1.6.3-23.el10_2.1.src.rpm
  - url: https://cdn-ubi.redhat.com/content/public/ubi/dist/ubi10/10/x86_64/appstream/os/Packages/a/apr-util-lmdb-1.6.3-23.el10_2.1.x86_64.rpm
    repoid: ubi-10-appstream-rpms
    size: 19735
    checksum: sha256:828d1b9054655bcd3d5ccfea75c58b22198d051217b2e62bddffe7101612c898
    name: apr-util-lmdb
    evr: 1.6.3-23.el10_2.1
    sourcerpm: apr-util-1.6.3-23.el10_2.1.src.rpm
  - url: https://cdn-ubi.redhat.com/content/public/ubi/dist/ubi10/10/x86_64/appstream/os/Packages/a/apr-util-openssl-1.6.3-23.el10_2.1.x86_64.rpm
    repoid: ubi-10-appstream-rpms
    size: 21604
    checksum: sha256:b4d257c53186c410bc6f41e4f520ba58885f3cb5794ba559ed10ddf1dbce6038
    name: apr-util-openssl
    evr: 1.6.3-23.el10_2.1
    sourcerpm: apr-util-1.6.3-23.el10_2.1.src.rpm
  - url: https://cdn-ubi.redhat.com/content/public/ubi/dist/ubi10/10/x86_64/appstream/os/Packages/h/httpd-tools-2.4.63-13.el10_2.6.x86_64.rpm
    repoid: ubi-10-appstream-rpms
    size: 91990
    checksum: sha256:4187f97475e00c386328c96359977264e28ed76d22c2dd61bf3609a25125b507
    name: httpd-tools
    evr: 2.4.63-13.el10_2.6
    sourcerpm: httpd-2.4.63-13.el10_2.6.src.rpm
  - url: https://cdn-ubi.redhat.com/content/public/ubi/dist/ubi10/10/x86_64/baseos/os/Packages/l/lmdb-libs-0.9.32-4.el10.x86_64.rpm
    repoid: ubi-10-baseos-rpms
    size: 65446
    checksum: sha256:83b34a97fc0201716a490c4ccd64d6119d2ccd2d84160d0ad146934cfee36522
    name: lmdb-libs
    evr: 0.9.32-4.el10
    sourcerpm: lmdb-0.9.32-4.el10.src.rpm
  source: []
  module_metadata: []
