---
lockfileVersion: 1
lockfileVendor: redhat
arches:
- arch: x86_64
  packages:
  - url: https://cdn-ubi.redhat.com/content/public/ubi/dist/ubi10/10/x86_64/appstream/os/Packages/a/apr-1.7.5-3.el10.x86_64.rpm
    repoid: ubi-10-appstream-rpms
    size: 130333
    checksum: sha256:fa3e93365206a18e39fcb76787f4027a7537f7d3a2e4eb28346082a46c3ac57c
    name: apr
    evr: 1.7.5-3.el10
    sourcerpm: apr-1.7.5-3.el10.src.rpm
  - url: https://cdn-ubi.redhat.com/content/public/ubi/dist/ubi10/10/x86_64/appstream/os/Packages/a/apr-util-1.6.3-23.el10_2.1.x86_64.rpm
    repoid: ubi-10-appstream-rpms
    size: 106336
    checksum: sha256:e715db5124ac3f11602a70371445f1b64cf625abacce80457f07b9807761b17c
    name: apr-util
    evr: 1.6.3-23.el10_2.1
    sourcerpm: apr-util-1.6.3-23.el10_2.1.src.rpm
  - url: https://cdn-ubi.redhat.com/content/public/ubi/dist/ubi10/10/x86_64/appstream/os/Packages/a/apr-util-lmdb-1.6.3-23.el10_2.1.x86_64.rpm
    repoid: ubi-10-appstream-rpms
    size: 19735
    checksum: sha256:828d1b9054655bcd3d5ccfea75c58b22198d051217b2e62bddffe7101612c898
    name: apr-util-lmdb
    evr: 1.6.3-23.el10_2.1
    sourcerpm: apr-util-1.6.3-23.el10_2.1.src.rpm
  - url: https://cdn-ubi.redhat.com/content/public/ubi/dist/ubi10/10/x86_64/appstream/os/Packages/a/apr-util-openssl-1.6.3-23.el10_2.1.x86_64.rpm
    repoid: ubi-10-appstream-rpms
    size: 21604
    checksum: sha256:b4d257c53186c410bc6f41e4f520ba58885f3cb5794ba559ed10ddf1dbce6038
    name: apr-util-openssl
    evr: 1.6.3-23.el10_2.1
    sourcerpm: apr-util-1.6.3-23.el10_2.1.src.rpm
  - url: https://cdn-ubi.redhat.com/content/public/ubi/dist/ubi10/10/x86_64/appstream/os/Packages/c/cpp-14.3.1-4.4.el10.x86_64.rpm
    repoid: ubi-10-appstream-rpms
    size: 13449388
    checksum: sha256:52a30ef8bfce05a3a5417f19eb141c566c33d17891c23af93d29b2744104ed7c
    name: cpp
    evr: 14.3.1-4.4.el10
    sourcerpm: gcc-14.3.1-4.4.el10.src.rpm
  - url: https://cdn-ubi.redhat.com/content/public/ubi/dist/ubi10/10/x86_64/appstream/os/Packages/g/gcc-14.3.1-4.4.el10.x86_64.rpm
    repoid: ubi-10-appstream-rpms
    size: 39854147
    checksum: sha256:ccba654a3d240e2a3a3c4a1c3c2f8b1adb841db4f69879c823613735476765d1
    name: gcc
    evr: 14.3.1-4.4.el10
    sourcerpm: gcc-14.3.1-4.4.el10.src.rpm
  - url: https://cdn-ubi.redhat.com/content/public/ubi/dist/ubi10/10/x86_64/appstream/os/Packages/g/git-2.52.0-1.el10.x86_64.rpm
    repoid: ubi-10-appstream-rpms
    size: 47138
    checksum: sha256:622dffee89bf78f57e572f156d216e75785b184dc1db2b5ea943871d790b2abf
    name: git
    evr: 2.52.0-1.el10
    sourcerpm: git-2.52.0-1.el10.src.rpm
  - url: https://cdn-ubi.redhat.com/content/public/ubi/dist/ubi10/10/x86_64/appstream/os/Packages/g/git-core-2.52.0-1.el10.x86_64.rpm
    repoid: ubi-10-appstream-rpms
    size: 5406101
    checksum: sha256:bb244ca5fe4ad18b8e628861556b57569d51546d3e4f2a3f478dabc0f158712f
    name: git-core
    evr: 2.52.0-1.el10
    sourcerpm: git-2.52.0-1.el10.src.rpm
  - url: https://cdn-ubi.redhat.com/content/public/ubi/dist/ubi10/10/x86_64/appstream/os/Packages/g/git-core-doc-2.52.0-1.el10.noarch.rpm
    repoid: ubi-10-appstream-rpms
    size: 3377934
    checksum: sha256:0a69ab9204f3994ae5c16ca3e8fdf15a650918ca16c0e7c660c9afda69123142
    name: git-core-doc
    evr: 2.52.0-1.el10
    sourcerpm: git-2.52.0-1.el10.src.rpm
  - url: https://cdn-ubi.redhat.com/content/public/ubi/dist/ubi10/10/x86_64/appstream/os/Packages/g/glibc-devel-2.39-128.el10_2.x86_64.rpm
    repoid: ubi-10-appstream-rpms
    size: 604458
    checksum: sha256:e5567978471d6447e41b921a8e3d95491292e4b6da1487abf3b87e80b2f9057a
    name: glibc-devel
    evr: 2.39-128.el10_2
    sourcerpm: glibc-2.39-128.el10_2.src.rpm
  - url: https://cdn-ubi.redhat.com/content/public/ubi/dist/ubi10/10/x86_64/appstream/os/Packages/g/golang-1.26.7-1.el10_2.x86_64.rpm
    repoid: ubi-10-appstream-rpms
    size: 1507779
    checksum: sha256:ee945bd180f1683b9e29a77fa1cd12842c759f95796385e3248bb73a5f27cd79
    name: golang
    evr: 1.26.7-1.el10_2
    sourcerpm: golang-1.26.7-1.el10_2.src.rpm
  - url: https://cdn-ubi.redhat.com/content/public/ubi/dist/ubi10/10/x86_64/appstream/os/Packages/g/golang-bin-1.26.7-1.el10_2.x86_64.rpm
    repoid: ubi-10-appstream-rpms
    size: 47149784
    checksum: sha256:90e7cacb08933e095b2013aae11c50f7ab4fda8cbe71f050b897fb41336e018c
    name: golang-bin
    evr: 1.26.7-1.el10_2
    sourcerpm: golang-1.26.7-1.el10_2.src.rpm
  - url: https://cdn-ubi.redhat.com/content/public/ubi/dist/ubi10/10/x86_64/appstream/os/Packages/g/golang-race-1.26.7-1.el10_2.x86_64.rpm
    repoid: ubi-10-appstream-rpms
    size: 1693733
    checksum: sha256:f976e6027f2f661782de1a0176aafdf9523ef396573c9f7e5176d62e045e5822
    name: golang-race
    evr: 1.26.7-1.el10_2
    sourcerpm: golang-1.26.7-1.el10_2.src.rpm
  - url: https://cdn-ubi.redhat.com/content/public/ubi/dist/ubi10/10/x86_64/appstream/os/Packages/g/golang-src-1.26.7-1.el10_2.noarch.rpm
    repoid: ubi-10-appstream-rpms
    size: 12884989
    checksum: sha256:c37617677f14a61fc7150c7d751719452f3a0e8959693352a7a405ebdf2172c2
    name: golang-src
    evr: 1.26.7-1.el10_2
    sourcerpm: golang-1.26.7-1.el10_2.src.rpm
  - url: https://cdn-ubi.redhat.com/content/public/ubi/dist/ubi10/10/x86_64/appstream/os/Packages/k/kernel-headers-6.12.0-211.55.1.el10_2.x86_64.rpm
    repoid: ubi-10-appstream-rpms
    size: 3731329
    checksum: sha256:0a38e481e5e4b5f642639625bef1b9c02d80d2ab4984e1ca280a88be29a65885
    name: kernel-headers
    evr: 6.12.0-211.55.1.el10_2
    sourcerpm: kernel-6.12.0-211.55.1.el10_2.src.rpm
  - url: https://cdn-ubi.redhat.com/content/public/ubi/dist/ubi10/10/x86_64/appstream/os/Packages/l/libmpc-1.3.1-7.el10.x86_64.rpm
    repoid: ubi-10-appstream-rpms
    size: 75330
    checksum: sha256:0ffe6cc4aa8936e1ed0d807c8bb059a864aa5cb687cde85f211f3d050a45a1a2
    name: libmpc
    evr: 1.3.1-7.el10
    sourcerpm: libmpc-1.3.1-7.el10.src.rpm
  - url: https://cdn-ubi.redhat.com/content/public/ubi/dist/ubi10/10/x86_64/appstream/os/Packages/l/libserf-1.3.10-7.el10.x86_64.rpm
    repoid: ubi-10-appstream-rpms
    size: 64136
    checksum: sha256:aacb3db4118c92c0311489d013ca3a2c9beed54d184bc78e266aa4f4a524c306
    name: libserf
    evr: 1.3.10-7.el10
    sourcerpm: libserf-1.3.10-7.el10.src.rpm
  - url: https://cdn-ubi.redhat.com/content/public/ubi/dist/ubi10/10/x86_64/appstream/os/Packages/l/libuv-1.52.1-1.el10_2.x86_64.rpm
    repoid: ubi-10-appstream-rpms
    size: 278919
    checksum: sha256:46ff203b97efdfdc81764b7eca1f56b71d26afd16fcf26db5e86afbc0fcaa73d
    name: libuv
    evr: 1:1.52.1-1.el10_2
    sourcerpm: libuv-1.52.1-1.el10_2.src.rpm
  - url: https://cdn-ubi.redhat.com/content/public/ubi/dist/ubi10/10/x86_64/appstream/os/Packages/l/libxcrypt-devel-4.4.36-10.el10.x86_64.rpm
    repoid: ubi-10-appstream-rpms
    size: 34028
    checksum: sha256:5e98ac0095da4e23b8a7b0dfc8d6fc97b0fa0d6c5d7bb0d70fe1dbf97ae64eb6
    name: libxcrypt-devel
    evr: 4.4.36-10.el10
    sourcerpm: libxcrypt-4.4.36-10.el10.src.rpm
  - url: https://cdn-ubi.redhat.com/content/public/ubi/dist/ubi10/10/x86_64/appstream/os/Packages/n/nodejs-22.23.2-1.el10_2.x86_64.rpm
    repoid: ubi-10-appstream-rpms
    size: 60315
    checksum: sha256:c879b5a7c70b9287c257aef0b333d9b197ec1ee915e041716bfe0df24b9d4952
    name: nodejs
    evr: 1:22.23.2-1.el10_2
    sourcerpm: nodejs22-22.23.2-1.el10_2.src.rpm
  - url: https://cdn-ubi.redhat.com/content/public/ubi/dist/ubi10/10/x86_64/appstream/os/Packages/n/nodejs-docs-22.23.2-1.el10_2.noarch.rpm
    repoid: ubi-10-appstream-rpms
    size: 9706454
    checksum: sha256:929a0f31333a61a31501de766550e8dda6da569baf65f21932873774766679f1
    name: nodejs-docs
    evr: 1:22.23.2-1.el10_2
    sourcerpm: nodejs22-22.23.2-1.el10_2.src.rpm
  - url: https://cdn-ubi.redhat.com/content/public/ubi/dist/ubi10/10/x86_64/appstream/os/Packages/n/nodejs-full-i18n-22.23.2-1.el10_2.x86_64.rpm
    repoid: ubi-10-appstream-rpms
    size: 9309236
    checksum: sha256:c02ad25a9cc8bd3eb364465ca6c6dfbfd0946d4eeaa8b05995695ae26b8bf1ef
    name: nodejs-full-i18n
    evr: 1:22.23.2-1.el10_2
    sourcerpm: nodejs22-22.23.2-1.el10_2.src.rpm
  - url: https://cdn-ubi.redhat.com/content/public/ubi/dist/ubi10/10/x86_64/appstream/os/Packages/n/nodejs-libs-22.23.2-1.el10_2.x86_64.rpm
    repoid: ubi-10-appstream-rpms
    size: 20717278
    checksum: sha256:ab0187530a692251c0497acb3bff83978d4808fbc2123d8e9210057caf569a71
    name: nodejs-libs
    evr: 1:22.23.2-1.el10_2
    sourcerpm: nodejs22-22.23.2-1.el10_2.src.rpm
  - url: https://cdn-ubi.redhat.com/content/public/ubi/dist/ubi10/10/x86_64/appstream/os/Packages/n/nodejs-npm-10.9.8-1.22.23.2.1.el10_2.x86_64.rpm
    repoid: ubi-10-appstream-rpms
    size: 2624054
    checksum: sha256:36edc11113245a864de4fff5299a98497dcc10cc1a0b8d28c3ec929d03d4c7e5
    name: nodejs-npm
    evr: 1:10.9.8-1.22.23.2.1.el10_2
    sourcerpm: nodejs22-22.23.2-1.el10_2.src.rpm
  - url: https://cdn-ubi.redhat.com/content/public/ubi/dist/ubi10/10/x86_64/appstream/os/Packages/o/openssl-devel-3.5.8-1.el10_2.x86_64.rpm
    repoid: ubi-10-appstream-rpms
    size: 4433101
    checksum: sha256:b4edabb7640bdc31d4bf718070d010aeb59741beb54c16153c5d17b41e93c0df
    name: openssl-devel
    evr: 1:3.5.8-1.el10_2
    sourcerpm: openssl-3.5.8-1.el10_2.src.rpm
  - url: https://cdn-ubi.redhat.com/content/public/ubi/dist/ubi10/10/x86_64/appstream/os/Packages/p/perl-AutoLoader-5.74-515.el10_2.noarch.rpm
    repoid: ubi-10-appstream-rpms
    size: 26422
    checksum: sha256:bb19724c1172dc09ee19c26871152ae42fc415344f83ab2baa42aa096220a63c
    name: perl-AutoLoader
    evr: 5.74-515.el10_2
    sourcerpm: perl-5.40.2-515.el10_2.src.rpm
  - url: https://cdn-ubi.redhat.com/content/public/ubi/dist/ubi10/10/x86_64/appstream/os/Packages/p/perl-B-1.89-515.el10_2.x86_64.rpm
    repoid: ubi-10-appstream-rpms
    size: 187565
    checksum: sha256:ca48fdc20045cda96b86bd23667ea8b3d7a0a6b7302a3f4f974df74273c61d43
    name: perl-B
    evr: 1.89-515.el10_2
    sourcerpm: perl-5.40.2-515.el10_2.src.rpm
  - url: https://cdn-ubi.redhat.com/content/public/ubi/dist/ubi10/10/x86_64/appstream/os/Packages/p/perl-Carp-1.54-511.el10.noarch.rpm
    repoid: ubi-10-appstream-rpms
    size: 32152
    checksum: sha256:e33d8c709b3dbb274aaafcfe4226a7f4b3b134554a08ba16140dda9368f0655e
    name: perl-Carp
    evr: 1.54-511.el10
    sourcerpm: perl-Carp-1.54-511.el10.src.rpm
  - url: https://cdn-ubi.redhat.com/content/public/ubi/dist/ubi10/10/x86_64/appstream/os/Packages/p/perl-Class-Struct-0.68-515.el10_2.noarch.rpm
    repoid: ubi-10-appstream-rpms
    size: 27265
    checksum: sha256:a09900d358c9980ff778ff8bfb75d13028bdb4065ab52fb508149f1c216a2303
    name: perl-Class-Struct
    evr: 0.68-515.el10_2
    sourcerpm: perl-5.40.2-515.el10_2.src.rpm
  - url: https://cdn-ubi.redhat.com/content/public/ubi/dist/ubi10/10/x86_64/appstream/os/Packages/p/perl-Data-Dumper-2.189-512.el10.x86_64.rpm
    repoid: ubi-10-appstream-rpms
    size: 61309
    checksum: sha256:12f7afba0d8e2fdca00a7a391b9c536026e8c8e7ca044b42a434917a1caf56a3
    name: perl-Data-Dumper
    evr: 2.189-512.el10
    sourcerpm: perl-Data-Dumper-2.189-512.el10.src.rpm
  - url: https://cdn-ubi.redhat.com/content/public/ubi/dist/ubi10/10/x86_64/appstream/os/Packages/p/perl-Digest-1.20-511.el10.noarch.rpm
    repoid: ubi-10-appstream-rpms
    size: 28853
    checksum: sha256:f3fc3d8bc266271194c9c22ef75fee991dc188855dae762f8a0dde140d1ae3b3
    name: perl-Digest
    evr: 1.20-511.el10
    sourcerpm: perl-Digest-1.20-511.el10.src.rpm
  - url: https://cdn-ubi.redhat.com/content/public/ubi/dist/ubi10/10/x86_64/appstream/os/Packages/p/perl-Digest-MD5-2.59-6.el10.x86_64.rpm
    repoid: ubi-10-appstream-rpms
    size: 40871
    checksum: sha256:e71faadc86b93185a2c41fb80f54ab4d407b85eb011013c5d31079d7aff8cc30
    name: perl-Digest-MD5
    evr: 2.59-6.el10
    sourcerpm: perl-Digest-MD5-2.59-6.el10.src.rpm
  - url: https://cdn-ubi.redhat.com/content/public/ubi/dist/ubi10/10/x86_64/appstream/os/Packages/p/perl-DynaLoader-1.56-515.el10_2.x86_64.rpm
    repoid: ubi-10-appstream-rpms
    size: 31339
    checksum: sha256:f4dc0cae55a3873176c87a86ed39663c40365db8ee68061d2745dace46192b7b
    name: perl-DynaLoader
    evr: 1.56-515.el10_2
    sourcerpm: perl-5.40.2-515.el10_2.src.rpm
  - url: https://cdn-ubi.redhat.com/content/public/ubi/dist/ubi10/10/x86_64/appstream/os/Packages/p/perl-Encode-3.21-511.el10.x86_64.rpm
    repoid: ubi-10-appstream-rpms
    size: 1120252
    checksum: sha256:9bb023e78910e4a88076d9cef63094fbfec89dfc4d7dd2e8195288ed5f8cfe3d
    name: perl-Encode
    evr: 4:3.21-511.el10
    sourcerpm: perl-Encode-3.21-511.el10.src.rpm
  - url: https://cdn-ubi.redhat.com/content/public/ubi/dist/ubi10/10/x86_64/appstream/os/Packages/p/perl-Errno-1.38-515.el10_2.x86_64.rpm
    repoid: ubi-10-appstream-rpms
    size: 19975
    checksum: sha256:1c56ee6d403bab3720410ab8b8a58884875613ae28b1932f624fbdeb592714d2
    name: perl-Errno
    evr: 1.38-515.el10_2
    sourcerpm: perl-5.40.2-515.el10_2.src.rpm
  - url: https://cdn-ubi.redhat.com/content/public/ubi/dist/ubi10/10/x86_64/appstream/os/Packages/p/perl-Error-0.17029-18.el10.noarch.rpm
    repoid: ubi-10-appstream-rpms
    size: 47042
    checksum: sha256:e19f238b73c9dac0041cf031ff89d653e72a2217fdd102143c8bf170843c7b6c
    name: perl-Error
    evr: 1:0.17029-18.el10
    sourcerpm: perl-Error-0.17029-18.el10.src.rpm
  - url: https://cdn-ubi.redhat.com/content/public/ubi/dist/ubi10/10/x86_64/appstream/os/Packages/p/perl-Exporter-5.78-511.el10.noarch.rpm
    repoid: ubi-10-appstream-rpms
    size: 34406
    checksum: sha256:7717ade5f90dab98aea4217afdc0ffff8971ddc79a1ba34e133d4dd719e7f499
    name: perl-Exporter
    evr: 5.78-511.el10
    sourcerpm: perl-Exporter-5.78-511.el10.src.rpm
  - url: https://cdn-ubi.redhat.com/content/public/ubi/dist/ubi10/10/x86_64/appstream/os/Packages/p/perl-Fcntl-1.18-515.el10_2.x86_64.rpm
    repoid: ubi-10-appstream-rpms
    size: 35187
    checksum: sha256:07f375ba0edff5420b17ed4206f1c78bb318ffde39eb0dc9d8f06bdffae65edf
    name: perl-Fcntl
    evr: 1.18-515.el10_2
    sourcerpm: perl-5.40.2-515.el10_2.src.rpm
  - url: https://cdn-ubi.redhat.com/content/public/ubi/dist/ubi10/10/x86_64/appstream/os/Packages/p/perl-File-Basename-2.86-515.el10_2.noarch.rpm
    repoid: ubi-10-appstream-rpms
    size: 22251
    checksum: sha256:5dbe9129690efedfef04e1d257c526e7aee99db61bd91e71484bc62e4add4c16
    name: perl-File-Basename
    evr: 2.86-515.el10_2
    sourcerpm: perl-5.40.2-515.el10_2.src.rpm
  - url: https://cdn-ubi.redhat.com/content/public/ubi/dist/ubi10/10/x86_64/appstream/os/Packages/p/perl-File-Path-2.18-512.el10.noarch.rpm
    repoid: ubi-10-appstream-rpms
    size: 35579
    checksum: sha256:de5f9cb446da59c4b6bacacf253a8be44ca8d094fe1e569189d99e762724ee5f
    name: perl-File-Path
    evr: 2.18-512.el10
    sourcerpm: perl-File-Path-2.18-512.el10.src.rpm
  - url: https://cdn-ubi.redhat.com/content/public/ubi/dist/ubi10/10/x86_64/appstream/os/Packages/p/perl-File-Temp-0.231.100-512.el10.noarch.rpm
    repoid: ubi-10-appstream-rpms
    size: 64128
    checksum: sha256:d7cec8ac7e8a4fe82d09fb3f5fcddc7723b41b0baef680a250ae0f5c27f3709c
    name: perl-File-Temp
    evr: 1:0.231.100-512.el10
    sourcerpm: perl-File-Temp-0.231.100-512.el10.src.rpm
  - url: https://cdn-ubi.redhat.com/content/public/ubi/dist/ubi10/10/x86_64/appstream/os/Packages/p/perl-File-stat-1.14-515.el10_2.noarch.rpm
    repoid: ubi-10-appstream-rpms
    size: 22138
    checksum: sha256:20dfe9203e8695f07b39fedf51a181a27593779a567fea769750f308731a28b5
    name: perl-File-stat
    evr: 1.14-515.el10_2
    sourcerpm: perl-5.40.2-515.el10_2.src.rpm
  - url: https://cdn-ubi.redhat.com/content/public/ubi/dist/ubi10/10/x86_64/appstream/os/Packages/p/perl-FileHandle-2.05-515.el10_2.noarch.rpm
    repoid: ubi-10-appstream-rpms
    size: 20546
    checksum: sha256:b8cf07a92ebfc5f3f3ad2b104b3c5c523a8f2518c75ea0719cf29cbcbdebf622
    name: perl-FileHandle
    evr: 2.05-515.el10_2
    sourcerpm: perl-5.40.2-515.el10_2.src.rpm
  - url: https://cdn-ubi.redhat.com/content/public/ubi/dist/ubi10/10/x86_64/appstream/os/Packages/p/perl-Getopt-Long-2.58-3.el10.noarch.rpm
    repoid: ubi-10-appstream-rpms
    size: 69925
    checksum: sha256:18bcc4a23330f281c9d882843d9a552aefea14012a4a5a71896a646e94f87bd6
    name: perl-Getopt-Long
    evr: 1:2.58-3.el10
    sourcerpm: perl-Getopt-Long-2.58-3.el10.src.rpm
  - url: https://cdn-ubi.redhat.com/content/public/ubi/dist/ubi10/10/x86_64/appstream/os/Packages/p/perl-Getopt-Std-1.14-515.el10_2.noarch.rpm
    repoid: ubi-10-appstream-rpms
    size: 20741
    checksum: sha256:185c7418709f22db5a08fbd68236f1ed321b1e828fd2c678b456feacf27bf2b1
    name: perl-Getopt-Std
    evr: 1.14-515.el10_2
    sourcerpm: perl-5.40.2-515.el10_2.src.rpm
  - url: https://cdn-ubi.redhat.com/content/public/ubi/dist/ubi10/10/x86_64/appstream/os/Packages/p/perl-Git-2.52.0-1.el10.noarch.rpm
    repoid: ubi-10-appstream-rpms
    size: 44019
    checksum: sha256:3294e57cc05763a07f3ee1d1f1f3707d2b88afee72fb9fb90215bcce9e5d7a36
    name: perl-Git
    evr: 2.52.0-1.el10
    sourcerpm: git-2.52.0-1.el10.src.rpm
  - url: https://cdn-ubi.redhat.com/content/public/ubi/dist/ubi10/10/x86_64/appstream/os/Packages/p/perl-HTTP-Tiny-0.088-512.el10.noarch.rpm
    repoid: ubi-10-appstream-rpms
    size: 61006
    checksum: sha256:aaba92b1d9a41f453d92c4a37c236331595556d8b1ef3ba27efe79191b2ee348
    name: perl-HTTP-Tiny
    evr: 0.088-512.el10
    sourcerpm: perl-HTTP-Tiny-0.088-512.el10.src.rpm
  - url: https://cdn-ubi.redhat.com/content/public/ubi/dist/ubi10/10/x86_64/appstream/os/Packages/p/perl-IO-1.55-515.el10_2.x86_64.rpm
    repoid: ubi-10-appstream-rpms
    size: 87878
    checksum: sha256:0d36b9c2e660ac67780743996304a396afdf33ef76d56785cf41dcb47097b846
    name: perl-IO
    evr: 1.55-515.el10_2
    sourcerpm: perl-5.40.2-515.el10_2.src.rpm
  - url: https://cdn-ubi.redhat.com/content/public/ubi/dist/ubi10/10/x86_64/appstream/os/Packages/p/perl-IO-Socket-IP-0.42-512.el10.noarch.rpm
    repoid: ubi-10-appstream-rpms
    size: 46270
    checksum: sha256:fc53776bb07d9a12c61b2e2160abda314f0fb3e3bdccbeedc5d186a9bb9bf162
    name: perl-IO-Socket-IP
    evr: 0.42-512.el10
    sourcerpm: perl-IO-Socket-IP-0.42-512.el10.src.rpm
  - url: https://cdn-ubi.redhat.com/content/public/ubi/dist/ubi10/10/x86_64/appstream/os/Packages/p/perl-IO-Socket-SSL-2.085-3.el10.noarch.rpm
    repoid: ubi-10-appstream-rpms
    size: 236244
    checksum: sha256:f78f083f60a73ca447d6727d11cd2182de85acc787369f378e6b1067dbe94eba
    name: perl-IO-Socket-SSL
    evr: 2.085-3.el10
    sourcerpm: perl-IO-Socket-SSL-2.085-3.el10.src.rpm
  - url: https://cdn-ubi.redhat.com/content/public/ubi/dist/ubi10/10/x86_64/appstream/os/Packages/p/perl-IPC-Open3-1.22-515.el10_2.noarch.rpm
    repoid: ubi-10-appstream-rpms
    size: 27063
    checksum: sha256:528428cfb77491ef21fb107294381feccc08943c031229e9aee66104aa75e6d5
    name: perl-IPC-Open3
    evr: 1.22-515.el10_2
    sourcerpm: perl-5.40.2-515.el10_2.src.rpm
  - url: https://cdn-ubi.redhat.com/content/public/ubi/dist/ubi10/10/x86_64/appstream/os/Packages/p/perl-MIME-Base64-3.16-511.el10.x86_64.rpm
    repoid: ubi-10-appstream-rpms
    size: 34915
    checksum: sha256:b42ad237a9243106c919cfd59fe863b78912c6d49f7d7b7afa649b02550fac07
    name: perl-MIME-Base64
    evr: 3.16-511.el10
    sourcerpm: perl-MIME-Base64-3.16-511.el10.src.rpm
  - url: https://cdn-ubi.redhat.com/content/public/ubi/dist/ubi10/10/x86_64/appstream/os/Packages/p/perl-Mozilla-CA-20231213-5.el10.noarch.rpm
    repoid: ubi-10-appstream-rpms
    size: 16659
    checksum: sha256:c73ab5645016c9965737ee0871cd91ca898ed6220e63c270d852b015f24e1ec6
    name: perl-Mozilla-CA
    evr: 20231213-5.el10
    sourcerpm: perl-Mozilla-CA-20231213-5.el10.src.rpm
  - url: https://cdn-ubi.redhat.com/content/public/ubi/dist/ubi10/10/x86_64/appstream/os/Packages/p/perl-NDBM_File-1.17-515.el10_2.x86_64.rpm
    repoid: ubi-10-appstream-rpms
    size: 27863
    checksum: sha256:82e12fae31f711c8a287d887afdd1969eac2541d6cf3b23a47d6e872b7a6c423
    name: perl-NDBM_File
    evr: 1.17-515.el10_2
    sourcerpm: perl-5.40.2-515.el10_2.src.rpm
  - url: https://cdn-ubi.redhat.com/content/public/ubi/dist/ubi10/10/x86_64/appstream/os/Packages/p/perl-Net-SSLeay-1.94-8.el10.x86_64.rpm
    repoid: ubi-10-appstream-rpms
    size: 389523
    checksum: sha256:b81610e8911a065044d009316a4d76f9ea09e0810494b752d92273831d27f57b
    name: perl-Net-SSLeay
    evr: 1.94-8.el10
    sourcerpm: perl-Net-SSLeay-1.94-8.el10.src.rpm
  - url: https://cdn-ubi.redhat.com/content/public/ubi/dist/ubi10/10/x86_64/appstream/os/Packages/p/perl-POSIX-2.20-515.el10_2.x86_64.rpm
    repoid: ubi-10-appstream-rpms
    size: 103719
    checksum: sha256:b7d036db98860078d0755fa8790e69cfd6320f07d96db50b8edafaddfad5bb62
    name: perl-POSIX
    evr: 2.20-515.el10_2
    sourcerpm: perl-5.40.2-515.el10_2.src.rpm
  - url: https://cdn-ubi.redhat.com/content/public/ubi/dist/ubi10/10/x86_64/appstream/os/Packages/p/perl-PathTools-3.91-512.el10.x86_64.rpm
    repoid: ubi-10-appstream-rpms
    size: 91403
    checksum: sha256:c32a4dfcd0782cbcd8560d4d5c19df5cea108d818d55461f377422f05bdd7c7d
    name: perl-PathTools
    evr: 3.91-512.el10
    sourcerpm: perl-PathTools-3.91-512.el10.src.rpm
  - url: https://cdn-ubi.redhat.com/content/public/ubi/dist/ubi10/10/x86_64/appstream/os/Packages/p/perl-Pod-Escapes-1.07-511.el10.noarch.rpm
    repoid: ubi-10-appstream-rpms
    size: 22645
    checksum: sha256:c200e23d737f4f08e231c082ba9efa1151c142b95c2e93668a861ec6e8af6387
    name: perl-Pod-Escapes
    evr: 1:1.07-511.el10
    sourcerpm: perl-Pod-Escapes-1.07-511.el10.src.rpm
  - url: https://cdn-ubi.redhat.com/content/public/ubi/dist/ubi10/10/x86_64/appstream/os/Packages/p/perl-Pod-Perldoc-3.28.01-512.el10.noarch.rpm
    repoid: ubi-10-appstream-rpms
    size: 90523
    checksum: sha256:a58c465c213515cfde8645985bbe1381d2d705c0da208a8629d292288247c186
    name: perl-Pod-Perldoc
    evr: 3.28.01-512.el10
    sourcerpm: perl-Pod-Perldoc-3.28.01-512.el10.src.rpm
  - url: https://cdn-ubi.redhat.com/content/public/ubi/dist/ubi10/10/x86_64/appstream/os/Packages/p/perl-Pod-Simple-3.45-511.el10.noarch.rpm
    repoid: ubi-10-appstream-rpms
    size: 227878
    checksum: sha256:14a770a6482afb5d6e59aeb6d9243018fbed2a775f584f1d5aad8bf57436419e
    name: perl-Pod-Simple
    evr: 1:3.45-511.el10
    sourcerpm: perl-Pod-Simple-3.45-511.el10.src.rpm
  - url: https://cdn-ubi.redhat.com/content/public/ubi/dist/ubi10/10/x86_64/appstream/os/Packages/p/perl-Pod-Usage-2.03-511.el10.noarch.rpm
    repoid: ubi-10-appstream-rpms
    size: 44178
    checksum: sha256:526d436304ad58ac2ae714211b4e633ff1dfa5f481c4669c4b3aac36345c3069
    name: perl-Pod-Usage
    evr: 4:2.03-511.el10
    sourcerpm: perl-Pod-Usage-2.03-511.el10.src.rpm
  - url: https://cdn-ubi.redhat.com/content/public/ubi/dist/ubi10/10/x86_64/appstream/os/Packages/p/perl-Scalar-List-Utils-1.63-511.el10.x86_64.rpm
    repoid: ubi-10-appstream-rpms
    size: 80199
    checksum: sha256:0c49a699f11160173f7f96c864d64a05b0bed2ea6a6ec090aef3c3914de405dc
    name: perl-Scalar-List-Utils
    evr: 5:1.63-511.el10
    sourcerpm: perl-Scalar-List-Utils-1.63-511.el10.src.rpm
  - url: https://cdn-ubi.redhat.com/content/public/ubi/dist/ubi10/10/x86_64/appstream/os/Packages/p/perl-SelectSaver-1.02-515.el10_2.noarch.rpm
    repoid: ubi-10-appstream-rpms
    size: 16679
    checksum: sha256:15683a0debfc26284f806085400578b9169b665e9a8d6a85b035d55401792ecb
    name: perl-SelectSaver
    evr: 1.02-515.el10_2
    sourcerpm: perl-5.40.2-515.el10_2.src.rpm
  - url: https://cdn-ubi.redhat.com/content/public/ubi/dist/ubi10/10/x86_64/appstream/os/Packages/p/perl-Socket-2.038-511.el10.x86_64.rpm
    repoid: ubi-10-appstream-rpms
    size: 60108
    checksum: sha256:a0cabaab2498a22f30eb695efc836a0245907823487c07993236c4f725569a3b
    name: perl-Socket
    evr: 4:2.038-511.el10
    sourcerpm: perl-Socket-2.038-511.el10.src.rpm
  - url: https://cdn-ubi.redhat.com/content/public/ubi/dist/ubi10/10/x86_64/appstream/os/Packages/p/perl-Storable-3.32-511.el10.x86_64.rpm
    repoid: ubi-10-appstream-rpms
    size: 103981
    checksum: sha256:c1606e0986462e8dee953955f864045b84e4efc568333c26e5bb2ab9a5102ae1
    name: perl-Storable
    evr: 1:3.32-511.el10
    sourcerpm: perl-Storable-3.32-511.el10.src.rpm
  - url: https://cdn-ubi.redhat.com/content/public/ubi/dist/ubi10/10/x86_64/appstream/os/Packages/p/perl-Symbol-1.09-515.el10_2.noarch.rpm
    repoid: ubi-10-appstream-rpms
    size: 19225
    checksum: sha256:435a6381ec6ab206fc580917fae0fa4b981c3348c98a2951b27fee452f1a5889
    name: perl-Symbol
    evr: 1.09-515.el10_2
    sourcerpm: perl-5.40.2-515.el10_2.src.rpm
  - url: https://cdn-ubi.redhat.com/content/public/ubi/dist/ubi10/10/x86_64/appstream/os/Packages/p/perl-Term-ANSIColor-5.01-512.el10.noarch.rpm
    repoid: ubi-10-appstream-rpms
    size: 52067
    checksum: sha256:1911e024055c4912acf9cb7b36dcafcaaf9011280baf0fb57f8c0f0557f1ee7a
    name: perl-Term-ANSIColor
    evr: 5.01-512.el10
    sourcerpm: perl-Term-ANSIColor-5.01-512.el10.src.rpm
  - url: https://cdn-ubi.redhat.com/content/public/ubi/dist/ubi10/10/x86_64/appstream/os/Packages/p/perl-Term-Cap-1.18-511.el10.noarch.rpm
    repoid: ubi-10-appstream-rpms
    size: 25395
    checksum: sha256:1a74bbcf53f340c2db848c898d6a1eccb296503576bd803be46716a3f2d07f05
    name: perl-Term-Cap
    evr: 1.18-511.el10
    sourcerpm: perl-Term-Cap-1.18-511.el10.src.rpm
  - url: https://cdn-ubi.redhat.com/content/public/ubi/dist/ubi10/10/x86_64/appstream/os/Packages/p/perl-TermReadKey-2.38-24.el10.x86_64.rpm
    repoid: ubi-10-appstream-rpms
    size: 40638
    checksum: sha256:3337a0f46d16e35dd5314019f15c57d63402742816846aca591e0676603219da
    name: perl-TermReadKey
    evr: 2.38-24.el10
    sourcerpm: perl-TermReadKey-2.38-24.el10.src.rpm
  - url: https://cdn-ubi.redhat.com/content/public/ubi/dist/ubi10/10/x86_64/appstream/os/Packages/p/perl-Text-ParseWords-3.31-511.el10.noarch.rpm
    repoid: ubi-10-appstream-rpms
    size: 19126
    checksum: sha256:1888de997708159ded07c0a55ea8b843ca8f8b2a6499d7b7841969ac36825ca5
    name: perl-Text-ParseWords
    evr: 3.31-511.el10
    sourcerpm: perl-Text-ParseWords-3.31-511.el10.src.rpm
  - url: https://cdn-ubi.redhat.com/content/public/ubi/dist/ubi10/10/x86_64/appstream/os/Packages/p/perl-Text-Tabs+Wrap-2024.001-511.el10.noarch.rpm
    repoid: ubi-10-appstream-rpms
    size: 25047
    checksum: sha256:939259f36c6068e64c071f6b9904e8013330a06ba7c07569a8db47723afdfeaa
    name: perl-Text-Tabs+Wrap
    evr: 2024.001-511.el10
    sourcerpm: perl-Text-Tabs+Wrap-2024.001-511.el10.src.rpm
  - url: https://cdn-ubi.redhat.com/content/public/ubi/dist/ubi10/10/x86_64/appstream/os/Packages/p/perl-Time-Local-1.350-511.el10.noarch.rpm
    repoid: ubi-10-appstream-rpms
    size: 38522
    checksum: sha256:bc30eb0596ae24503e5baf578b84122b68e3ca8d012562a73406d4afdabfbd6b
    name: perl-Time-Local
    evr: 2:1.350-511.el10
    sourcerpm: perl-Time-Local-1.350-511.el10.src.rpm
  - url: https://cdn-ubi.redhat.com/content/public/ubi/dist/ubi10/10/x86_64/appstream/os/Packages/p/perl-URI-5.27-3.el10.noarch.rpm
    repoid: ubi-10-appstream-rpms
    size: 140970
    checksum: sha256:27d79250ed875e4700f8e10334e670dacb6692ea3f60f225924d238a015dd4c5
    name: perl-URI
    evr: 5.27-3.el10
    sourcerpm: perl-URI-5.27-3.el10.src.rpm
  - url: https://cdn-ubi.redhat.com/content/public/ubi/dist/ubi10/10/x86_64/appstream/os/Packages/p/perl-base-2.27-515.el10_2.noarch.rpm
    repoid: ubi-10-appstream-rpms
    size: 21264
    checksum: sha256:fd0c3533eecf3acaae4968dda7e7019498fc0b9aacc80bfa2c191a2bb8762c13
    name: perl-base
    evr: 2.27-515.el10_2
    sourcerpm: perl-5.40.2-515.el10_2.src.rpm
  - url: https://cdn-ubi.redhat.com/content/public/ubi/dist/ubi10/10/x86_64/appstream/os/Packages/p/perl-constant-1.33-512.el10.noarch.rpm
    repoid: ubi-10-appstream-rpms
    size: 26066
    checksum: sha256:2004a0ea190e5bf30a12dae628333d4f31bf89c1611ae4283c77fcdadc921f07
    name: perl-constant
    evr: 1.33-512.el10
    sourcerpm: perl-constant-1.33-512.el10.src.rpm
  - url: https://cdn-ubi.redhat.com/content/public/ubi/dist/ubi10/10/x86_64/appstream/os/Packages/p/perl-if-0.61.000-515.el10_2.noarch.rpm
    repoid: ubi-10-appstream-rpms
    size: 19017
    checksum: sha256:6633dcfb384e9e62b81bb75e79dc8892cad5aa067193154f7a8dd07189e1351f
    name: perl-if
    evr: 0.61.000-515.el10_2
    sourcerpm: perl-5.40.2-515.el10_2.src.rpm
  - url: https://cdn-ubi.redhat.com/content/public/ubi/dist/ubi10/10/x86_64/appstream/os/Packages/p/perl-interpreter-5.40.2-515.el10_2.x86_64.rpm
    repoid: ubi-10-appstream-rpms
    size: 78603
    checksum: sha256:3e3e25218e1299a14cd9d48e83e666df212c1e828d433a53110f009d8da93d9d
    name: perl-interpreter
    evr: 4:5.40.2-515.el10_2
    sourcerpm: perl-5.40.2-515.el10_2.src.rpm
  - url: https://cdn-ubi.redhat.com/content/public/ubi/dist/ubi10/10/x86_64/appstream/os/Packages/p/perl-lib-0.65-515.el10_2.x86_64.rpm
    repoid: ubi-10-appstream-rpms
    size: 19971
    checksum: sha256:a3dcc8855937b785005809885120d0650ab1006582ac62d0ede7dc0032e74353
    name: perl-lib
    evr: 0.65-515.el10_2
    sourcerpm: perl-5.40.2-515.el10_2.src.rpm
  - url: https://cdn-ubi.redhat.com/content/public/ubi/dist/ubi10/10/x86_64/appstream/os/Packages/p/perl-libnet-3.15-512.el10.noarch.rpm
    repoid: ubi-10-appstream-rpms
    size: 134460
    checksum: sha256:328e9e9c9c216a2bda6f205ff4637754914a6a21cb9fb792c6c3e7dd8adf8bde
    name: perl-libnet
    evr: 3.15-512.el10
    sourcerpm: perl-libnet-3.15-512.el10.src.rpm
  - url: https://cdn-ubi.redhat.com/content/public/ubi/dist/ubi10/10/x86_64/appstream/os/Packages/p/perl-libs-5.40.2-515.el10_2.x86_64.rpm
    repoid: ubi-10-appstream-rpms
    size: 2519373
    checksum: sha256:5e1303edcc1c5fdbeed8a1264af4cebee983acb3b6a3735245e151496b3366fd
    name: perl-libs
    evr: 4:5.40.2-515.el10_2
    sourcerpm: perl-5.40.2-515.el10_2.src.rpm
  - url: https://cdn-ubi.redhat.com/content/public/ubi/dist/ubi10/10/x86_64/appstream/os/Packages/p/perl-locale-1.12-515.el10_2.noarch.rpm
    repoid: ubi-10-appstream-rpms
    size: 18634
    checksum: sha256:a0a9d2e42da26f086046f0f708cc37819f2ab9d7c59dffaa014786d7cd0e8823
    name: perl-locale
    evr: 1.12-515.el10_2
    sourcerpm: perl-5.40.2-515.el10_2.src.rpm
  - url: https://cdn-ubi.redhat.com/content/public/ubi/dist/ubi10/10/x86_64/appstream/os/Packages/p/perl-mro-1.29-515.el10_2.x86_64.rpm
    repoid: ubi-10-appstream-rpms
    size: 35461
    checksum: sha256:ec9938a15934801a5947a9022a65d73988cae13c77e4dfe926762f4e7aceb063
    name: perl-mro
    evr: 1.29-515.el10_2
    sourcerpm: perl-5.40.2-515.el10_2.src.rpm
  - url: https://cdn-ubi.redhat.com/content/public/ubi/dist/ubi10/10/x86_64/appstream/os/Packages/p/perl-overload-1.37-515.el10_2.noarch.rpm
    repoid: ubi-10-appstream-rpms
    size: 51320
    checksum: sha256:3082541b29d0e0dcba0ab87b2515b60c173d0aa5d3fe76ce3ce8eb067dbe6668
    name: perl-overload
    evr: 1.37-515.el10_2
    sourcerpm: perl-5.40.2-515.el10_2.src.rpm
  - url: https://cdn-ubi.redhat.com/content/public/ubi/dist/ubi10/10/x86_64/appstream/os/Packages/p/perl-overloading-0.02-515.el10_2.noarch.rpm
    repoid: ubi-10-appstream-rpms
    size: 17884
    checksum: sha256:9580567af6d1a37641677655dc51be300a8c4b026906254078a192ffad447268
    name: perl-overloading
    evr: 0.02-515.el10_2
    sourcerpm: perl-5.40.2-515.el10_2.src.rpm
  - url: https://cdn-ubi.redhat.com/content/public/ubi/dist/ubi10/10/x86_64/appstream/os/Packages/p/perl-parent-0.241-512.el10.noarch.rpm
    repoid: ubi-10-appstream-rpms
    size: 17274
    checksum: sha256:f1f3a1a07d86b752c46d96da1ef18e2243732c6354c9a3fd1d17a7e224031d5f
    name: perl-parent
    evr: 1:0.241-512.el10
    sourcerpm: perl-parent-0.241-512.el10.src.rpm
  - url: https://cdn-ubi.redhat.com/content/public/ubi/dist/ubi10/10/x86_64/appstream/os/Packages/p/perl-podlators-5.01-511.el10.noarch.rpm
    repoid: ubi-10-appstream-rpms
    size: 130744
    checksum: sha256:6b8001129818f1f4615a4704e679d380b736ae7333a837ba567967660320a6b2
    name: perl-podlators
    evr: 1:5.01-511.el10
    sourcerpm: perl-podlators-5.01-511.el10.src.rpm
  - url: https://cdn-ubi.redhat.com/content/public/ubi/dist/ubi10/10/x86_64/appstream/os/Packages/p/perl-vars-1.05-515.el10_2.noarch.rpm
    repoid: ubi-10-appstream-rpms
    size: 17977
    checksum: sha256:1f1137469608a6dd9d1f8fa8768874fa3f0a4f46dcc13a5957904d77e5802f81
    name: perl-vars
    evr: 1.05-515.el10_2
    sourcerpm: perl-5.40.2-515.el10_2.src.rpm
  - url: https://cdn-ubi.redhat.com/content/public/ubi/dist/ubi10/10/x86_64/appstream/os/Packages/s/subversion-1.14.5-3.el10.x86_64.rpm
    repoid: ubi-10-appstream-rpms
    size: 1062483
    checksum: sha256:255c26aec3a47b57e66dbfff334fe9af48439efcc782132c5e5b3239c78699a1
    name: subversion
    evr: 1.14.5-3.el10
    sourcerpm: subversion-1.14.5-3.el10.src.rpm
  - url: https://cdn-ubi.redhat.com/content/public/ubi/dist/ubi10/10/x86_64/appstream/os/Packages/s/subversion-libs-1.14.5-3.el10.x86_64.rpm
    repoid: ubi-10-appstream-rpms
    size: 1402535
    checksum: sha256:e7d1379a03bb05fd6db7a06cc72562c82e387e60fe8568b7748d191f8abc8b69
    name: subversion-libs
    evr: 1.14.5-3.el10
    sourcerpm: subversion-1.14.5-3.el10.src.rpm
  - url: https://cdn-ubi.redhat.com/content/public/ubi/dist/ubi10/10/x86_64/appstream/os/Packages/u/utf8proc-2.7.0-9.el10.x86_64.rpm
    repoid: ubi-10-appstream-rpms
    size: 85264
    checksum: sha256:5c04230a07c93e0470781b7a803722828804e414ba447a16d7320282619f866d
    name: utf8proc
    evr: 2.7.0-9.el10
    sourcerpm: utf8proc-2.7.0-9.el10.src.rpm
  - url: https://cdn-ubi.redhat.com/content/public/ubi/dist/ubi10/10/x86_64/baseos/os/Packages/b/binutils-2.41-63.el10.x86_64.rpm
    repoid: ubi-10-baseos-rpms
    size: 6713167
    checksum: sha256:6c9a5b31e855a216845858b4c642f67fe31cfd3dff5aa5d63e8ecff963904c0c
    name: binutils
    evr: 2.41-63.el10
    sourcerpm: binutils-2.41-63.el10.src.rpm
  - url: https://cdn-ubi.redhat.com/content/public/ubi/dist/ubi10/10/x86_64/baseos/os/Packages/b/binutils-gold-2.41-63.el10.x86_64.rpm
    repoid: ubi-10-baseos-rpms
    size: 820424
    checksum: sha256:da272acde4bce4b8421c3b5ac9940f0bd8a9f3d88176769e05687d59ce700552
    name: binutils-gold
    evr: 2.41-63.el10
    sourcerpm: binutils-2.41-63.el10.src.rpm
  - url: https://cdn-ubi.redhat.com/content/public/ubi/dist/ubi10/10/x86_64/baseos/os/Packages/c/c-ares-1.34.6-2.el10_2.x86_64.rpm
    repoid: ubi-10-baseos-rpms
    size: 126146
    checksum: sha256:4d973e180e78f109489e33534a1121f4315edf70e0ed3fe75779dca1786f763e
    name: c-ares
    evr: 1.34.6-2.el10_2
    sourcerpm: c-ares-1.34.6-2.el10_2.src.rpm
  - url: https://cdn-ubi.redhat.com/content/public/ubi/dist/ubi10/10/x86_64/baseos/os/Packages/c/cyrus-sasl-lib-2.1.28-30.el10_2.x86_64.rpm
    repoid: ubi-10-baseos-rpms
    size: 114248
    checksum: sha256:6c61ebc24e3acb4f6adc12e16e982d9759ff22a0f86d9e15009dedf20c70244d
    name: cyrus-sasl-lib
    evr: 2.1.28-30.el10_2
    sourcerpm: cyrus-sasl-2.1.28-30.el10_2.src.rpm
  - url: https://cdn-ubi.redhat.com/content/public/ubi/dist/ubi10/10/x86_64/baseos/os/Packages/e/elfutils-debuginfod-client-0.194-2.el10_2.x86_64.rpm
    repoid: ubi-10-baseos-rpms
    size: 50760
    checksum: sha256:41d8283ea8b643836aa1885a79c55919885d2009bdf31d81b35c179877d9a483
    name: elfutils-debuginfod-client
    evr: 0.194-2.el10_2
    sourcerpm: elfutils-0.194-2.el10_2.src.rpm
  - url: https://cdn-ubi.redhat.com/content/public/ubi/dist/ubi10/10/x86_64/baseos/os/Packages/g/glibc-2.39-128.el10_2.x86_64.rpm
    repoid: ubi-10-baseos-rpms
    size: 2206376
    checksum: sha256:52abca1c1e3fa18532631d7a995c2c193739e226569bc6366ad372f60796599f
    name: glibc
    evr: 2.39-128.el10_2
    sourcerpm: glibc-2.39-128.el10_2.src.rpm
  - url: https://cdn-ubi.redhat.com/content/public/ubi/dist/ubi10/10/x86_64/baseos/os/Packages/g/glibc-common-2.39-128.el10_2.x86_64.rpm
    repoid: ubi-10-baseos-rpms
    size: 333314
    checksum: sha256:18044ab8318d974b54cd3ef812340a7cc44242cd32fc3db45b90816dceee7372
    name: glibc-common
    evr: 2.39-128.el10_2
    sourcerpm: glibc-2.39-128.el10_2.src.rpm
  - url: https://cdn-ubi.redhat.com/content/public/ubi/dist/ubi10/10/x86_64/baseos/os/Packages/g/glibc-langpack-en-2.39-128.el10_2.x86_64.rpm
    repoid: ubi-10-baseos-rpms
    size: 686998
    checksum: sha256:266458a6a80ea817983b88bc9ce514d8ba2af16fd9579b52a452d732bce994be
    name: glibc-langpack-en
    evr: 2.39-128.el10_2
    sourcerpm: glibc-2.39-128.el10_2.src.rpm
  - url: https://cdn-ubi.redhat.com/content/public/ubi/dist/ubi10/10/x86_64/baseos/os/Packages/g/glibc-minimal-langpack-2.39-128.el10_2.x86_64.rpm
    repoid: ubi-10-baseos-rpms
    size: 32109
    checksum: sha256:e5c47cf2079ad177d11872dc8a5084b51a64c24f727e94712f2d2f1215dabdeb
    name: glibc-minimal-langpack
    evr: 2.39-128.el10_2
    sourcerpm: glibc-2.39-128.el10_2.src.rpm
  - url: https://cdn-ubi.redhat.com/content/public/ubi/dist/ubi10/10/x86_64/baseos/os/Packages/g/groff-base-1.23.0-10.el10.x86_64.rpm
    repoid: ubi-10-baseos-rpms
    size: 1182753
    checksum: sha256:fe7aaba08cf90b86523b7435aa4caaf08942ec82b04129e44435a3013555c6b3
    name: groff-base
    evr: 1.23.0-10.el10
    sourcerpm: groff-1.23.0-10.el10.src.rpm
  - url: https://cdn-ubi.redhat.com/content/public/ubi/dist/ubi10/10/x86_64/baseos/os/Packages/j/jansson-2.14-3.el10.x86_64.rpm
    repoid: ubi-10-baseos-rpms
    size: 49616
    checksum: sha256:b5d6eeea14961f64ece8b3bbefeb53a61424822ccbaedb833f7fc7e50f6707c5
    name: jansson
    evr: 2.14-3.el10
    sourcerpm: jansson-2.14-3.el10.src.rpm
  - url: https://cdn-ubi.redhat.com/content/public/ubi/dist/ubi10/10/x86_64/baseos/os/Packages/l/less-661-3.el10.x86_64.rpm
    repoid: ubi-10-baseos-rpms
    size: 199873
    checksum: sha256:7a785313031788418857f3ef6a82617ad5527e56153174ac44482f74289d1f33
    name: less
    evr: 661-3.el10
    sourcerpm: less-661-3.el10.src.rpm
  - url: https://cdn-ubi.redhat.com/content/public/ubi/dist/ubi10/10/x86_64/baseos/os/Packages/l/libbrotli-1.1.0-7.el10_1.x86_64.rpm
    repoid: ubi-10-baseos-rpms
    size: 352691
    checksum: sha256:894800ee7893f8e4aa1d3870afb22b54d92624134bc7cf5d2cdc1a1db92366db
    name: libbrotli
    evr: 1.1.0-7.el10_1
    sourcerpm: brotli-1.1.0-7.el10_1.src.rpm
  - url: https://cdn-ubi.redhat.com/content/public/ubi/dist/ubi10/10/x86_64/baseos/os/Packages/l/libcbor-0.11.0-3.el10.x86_64.rpm
    repoid: ubi-10-baseos-rpms
    size: 37307
    checksum: sha256:fdf8446ec31ab2efddc92e0164946192bcec3b8290a3a810aa01418cdc3522c8
    name: libcbor
    evr: 0.11.0-3.el10
    sourcerpm: libcbor-0.11.0-3.el10.src.rpm
  - url: https://cdn-ubi.redhat.com/content/public/ubi/dist/ubi10/10/x86_64/baseos/os/Packages/l/libedit-3.1-52.20230828cvs.el10.x86_64.rpm
    repoid: ubi-10-baseos-rpms
    size: 110822
    checksum: sha256:d984e5aa4856820528bd2829f086c2f3883173b91daa0a304af215e3a0c6a6be
    name: libedit
    evr: 3.1-52.20230828cvs.el10
    sourcerpm: libedit-3.1-52.20230828cvs.el10.src.rpm
  - url: https://cdn-ubi.redhat.com/content/public/ubi/dist/ubi10/10/x86_64/baseos/os/Packages/l/libfido2-1.14.0-7.el10.x86_64.rpm
    repoid: ubi-10-baseos-rpms
    size: 102913
    checksum: sha256:132ad4a76f742a97a670255869b9422e38dfa5a6885c474963242d4a0c50a088
    name: libfido2
    evr: 1.14.0-7.el10
    sourcerpm: libfido2-1.14.0-7.el10.src.rpm
  - url: https://cdn-ubi.redhat.com/content/public/ubi/dist/ubi10/10/x86_64/baseos/os/Packages/l/libpkgconf-2.1.0-3.el10.x86_64.rpm
    repoid: ubi-10-baseos-rpms
    size: 41667
    checksum: sha256:3c771e6212564874eb7e6200f22cb2e05265e7319984590c0f4de3eb5733b75f
    name: libpkgconf
    evr: 2.1.0-3.el10
    sourcerpm: pkgconf-2.1.0-3.el10.src.rpm
  - url: https://cdn-ubi.redhat.com/content/public/ubi/dist/ubi10/10/x86_64/baseos/os/Packages/l/lmdb-libs-0.9.32-4.el10.x86_64.rpm
    repoid: ubi-10-baseos-rpms
    size: 65446
    checksum: sha256:83b34a97fc0201716a490c4ccd64d6119d2ccd2d84160d0ad146934cfee36522
    name: lmdb-libs
    evr: 0.9.32-4.el10
    sourcerpm: lmdb-0.9.32-4.el10.src.rpm
  - url: https://cdn-ubi.redhat.com/content/public/ubi/dist/ubi10/10/x86_64/baseos/os/Packages/m/make-4.4.1-9.el10.x86_64.rpm
    repoid: ubi-10-baseos-rpms
    size: 605276
    checksum: sha256:1c7b61c065106c0eb3a958e55ffbe37734aebcf440b0c36435ca7eb41b8e0110
    name: make
    evr: 1:4.4.1-9.el10
    sourcerpm: make-4.4.1-9.el10.src.rpm
  - url: https://cdn-ubi.redhat.com/content/public/ubi/dist/ubi10/10/x86_64/baseos/os/Packages/n/ncurses-6.4-15.20240127.el10_1.x86_64.rpm
    repoid: ubi-10-baseos-rpms
    size: 437267
    checksum: sha256:420a86b376c70f56cd06f8cea4614b7c4287223a4602b2d6e46e54cd7778e398
    name: ncurses
    evr: 6.4-15.20240127.el10_1
    sourcerpm: ncurses-6.4-15.20240127.el10_1.src.rpm
  - url: https://cdn-ubi.redhat.com/content/public/ubi/dist/ubi10/10/x86_64/baseos/os/Packages/o/openssh-9.9p1-25.el10_2.x86_64.rpm
    repoid: ubi-10-baseos-rpms
    size: 368254
    checksum: sha256:74a11d1eee8f254e30be4e6c7d661b876ee91fe9f9fbb75d8c266f9aa921efb8
    name: openssh
    evr: 9.9p1-25.el10_2
    sourcerpm: openssh-9.9p1-25.el10_2.src.rpm
  - url: https://cdn-ubi.redhat.com/content/public/ubi/dist/ubi10/10/x86_64/baseos/os/Packages/o/openssh-clients-9.9p1-25.el10_2.x86_64.rpm
    repoid: ubi-10-baseos-rpms
    size: 792994
    checksum: sha256:822f2f5e93bcd8aba0af4b4bcdc0d541f83f60196ed9128f9373553daba34146
    name: openssh-clients
    evr: 9.9p1-25.el10_2
    sourcerpm: openssh-9.9p1-25.el10_2.src.rpm
  - url: https://cdn-ubi.redhat.com/content/public/ubi/dist/ubi10/10/x86_64/baseos/os/Packages/o/openssl-3.5.8-1.el10_2.x86_64.rpm
    repoid: ubi-10-baseos-rpms
    size: 1337332
    checksum: sha256:b3e0a119be23f061ffcb13263de6bc91026c27bd62d5d93778a8241c9d9c3cb6
    name: openssl
    evr: 1:3.5.8-1.el10_2
    sourcerpm: openssl-3.5.8-1.el10_2.src.rpm
  - url: https://cdn-ubi.redhat.com/content/public/ubi/dist/ubi10/10/x86_64/baseos/os/Packages/o/openssl-libs-3.5.8-1.el10_2.x86_64.rpm
    repoid: ubi-10-baseos-rpms
    size: 2374781
    checksum: sha256:f7a77a5c5897d4bf6e3abcf536c6d92bb60cf698db4e2334908dabdbac54486a
    name: openssl-libs
    evr: 1:3.5.8-1.el10_2
    sourcerpm: openssl-3.5.8-1.el10_2.src.rpm
  - url: https://cdn-ubi.redhat.com/content/public/ubi/dist/ubi10/10/x86_64/baseos/os/Packages/p/pkgconf-2.1.0-3.el10.x86_64.rpm
    repoid: ubi-10-baseos-rpms
    size: 49544
    checksum: sha256:63c965654dfd260d755bd36bdb19ced0036aa4c1e2b64d726c95fad98b2dc041
    name: pkgconf
    evr: 2.1.0-3.el10
    sourcerpm: pkgconf-2.1.0-3.el10.src.rpm
  - url: https://cdn-ubi.redhat.com/content/public/ubi/dist/ubi10/10/x86_64/baseos/os/Packages/p/pkgconf-m4-2.1.0-3.el10.noarch.rpm
    repoid: ubi-10-baseos-rpms
    size: 15861
    checksum: sha256:f6a99c6e64b9358a0b4db60e4fb2b5c858eb0487a504690e80d1b84b9d044995
    name: pkgconf-m4
    evr: 2.1.0-3.el10
    sourcerpm: pkgconf-2.1.0-3.el10.src.rpm
  - url: https://cdn-ubi.redhat.com/content/public/ubi/dist/ubi10/10/x86_64/baseos/os/Packages/p/pkgconf-pkg-config-2.1.0-3.el10.x86_64.rpm
    repoid: ubi-10-baseos-rpms
    size: 12216
    checksum: sha256:b90a31630640ca9a05ba842032ccbe7ae786318bb808ffb49f252acdb1419235
    name: pkgconf-pkg-config
    evr: 2.1.0-3.el10
    sourcerpm: pkgconf-2.1.0-3.el10.src.rpm
  source: []
  module_metadata: []
